
Microsoft Visual Studio Solution File, Format Version 12.00
# Visual Studio Version 17
VisualStudioVersion = 17.2.32630.192
MinimumVisualStudioVersion = 10.0.40219.1
Project("{FAE04EC0-301F-11D3-BF4B-00C04F79EFBC}") = "Azure_Pipeline_Demo", "Azure_Pipeline_Demo\Azure_Pipeline_Demo.csproj", "{2B1FCFD8-FAC9-4E84-AE9B-3547B5712046}"
EndProject
Project("{FAE04EC0-301F-11D3-BF4B-00C04F79EFBC}") = "BooksTest", "BooksTest\BooksTest.csproj", "{4BB831D3-9C2F-4579-B5C9-C73682EDBAB0}"
EndProject
Global
	GlobalSection(SolutionConfigurationPlatforms) = preSolution
		Debug|Any CPU = Debug|Any CPU
		Release|Any CPU = Release|Any CPU
	EndGlobalSection
	GlobalSection(ProjectConfigurationPlatforms) = postSolution
		{2B1FCFD8-FAC9-4E84-AE9B-3547B5712046}.Debug|Any CPU.ActiveCfg = Debug|Any CPU
		{2B1FCFD8-FAC9-4E84-AE9B-3547B5712046}.Debug|Any CPU.Build.0 = Debug|Any CPU
		{2B1FCFD8-FAC9-4E84-AE9B-3547B5712046}.Release|Any CPU.ActiveCfg = Release|Any CPU
		{2B1FCFD8-FAC9-4E84-AE9B-3547B5712046}.Release|Any CPU.Build.0 = Release|Any CPU
		{4BB831D3-9C2F-4579-B5C9-C73682EDBAB0}.Debug|Any CPU.ActiveCfg = Debug|Any CPU
		{4BB831D3-9C2F-4579-B5C9-C73682EDBAB0}.Debug|Any CPU.Build.0 = Debug|Any CPU
		{4BB831D3-9C2F-4579-B5C9-C73682EDBAB0}.Release|Any CPU.ActiveCfg = Release|Any CPU
		{4BB831D3-9C2F-4579-B5C9-C73682EDBAB0}.Release|Any CPU.Build.0 = Release|Any CPU
	EndGlobalSection
	GlobalSection(SolutionProperties) = preSolution
		HideSolutionNode = FALSE
	EndGlobalSection
	GlobalSection(ExtensibilityGlobals) = postSolution
		SolutionGuid = {BEE9BAE6-A4CC-4C4E-B65B-C5FEC163E4E9}
	EndGlobalSection
EndGlobal
